<?xml version="1.0" encoding="UTF-8" standalone="yes" ?>
<CodeBlocks_project_file>
	<FileVersion major="1" minor="6" />
	<Project>
		<Option title="ecs" />
		<Option pch_mode="2" />
		<Option compiler="gcc" />
		<Build>
			<Target title="Debug">
				<Option output="bin/Debug/ecs" prefix_auto="1" extension_auto="1" />
				<Option object_output="obj/Debug/" />
				<Option type="3" />
				<Option compiler="gcc" />
				<Option createDefFile="1" />
				<Option createStaticLib="1" />
				<Compiler>
					<Add option="-Wmain" />
					<Add option="-std=c++0x" />
					<Add option="-g" />
					<Add option="-fPIC" />
					<Add directory="/home/salad/Code/OpenGL/ecs/gl-unreal-world/src/modules/ecs/include" />
				</Compiler>
			</Target>
			<Target title="Release">
				<Option output="bin/Release/ecs" prefix_auto="1" extension_auto="1" />
				<Option object_output="obj/Release/" />
				<Option type="3" />
				<Option compiler="gcc" />
				<Option createDefFile="1" />
				<Option createStaticLib="1" />
				<Compiler>
					<Add option="-O2" />
				</Compiler>
				<Linker>
					<Add option="-s" />
				</Linker>
			</Target>
		</Build>
		<Compiler>
			<Add option="-Wall" />
			<Add option="-fexceptions" />
		</Compiler>
		<Unit filename="components/moveable.cc" />
		<Unit filename="entity/component.cc" />
		<Unit filename="entity/entity.cc" />
		<Unit filename="entity/entity_manager.cc" />
		<Unit filename="include/components/moveable.h" />
		<Unit filename="include/entity/component.h" />
		<Unit filename="include/entity/entity.h" />
		<Unit filename="include/entity/entity_manager.h" />
		<Unit filename="include/entity/entity_subscriber.h" />
		<Unit filename="include/system/system.h" />
		<Unit filename="include/systems/game_logic.h" />
		<Unit filename="system/system.cc" />
		<Unit filename="systems/game_logic.cc" />
		<Extensions>
			<envvars />
			<code_completion />
			<lib_finder disable_auto="1" />
			<debugger />
		</Extensions>
	</Project>
</CodeBlocks_project_file>
